github.com/DataDog/zstd v1.4.4 h1:+IawcoXhCBylN7ccwdwf8LOH2jKq7NavGpEPanrlTzE=
github.com/DataDog/zstd v1.4.4/go.mod h1:1jcaCB/ufaK+sKp1NBhlGmpz41jOoPQ35bpF36t7BBo=
github.com/apache/thrift v0.0.0-20181112125854-24918abba929 h1:ubPe2yRkS6A/X37s0TVGfuN42NV2h0BlzWj0X76RoUw=
github.com/apache/thrift v0.0.0-20181112125854-24918abba929/go.mod h1:cp2SuWMxlEZw2r+iP2GNCdIi4C1qmUzdZFSVb+bacwQ=
github.com/golang/snappy v0.0.0-20180518054509-2e65f85255db h1:woRePGFeVFfLKN/pOkfl+p/TAqKOfFu+7KPlMVpok/w=
github.com/golang/snappy v0.0.0-20180518054509-2e65f85255db/go.mod h1:/XxbfmMg8lxefKM7IXC3fBNl/7bRcc72aCRzEWrmP2Q=
github.com/xitongsys/parquet-go-source v0.0.0-20190524061010-2b72cbee77d5 h1:XmN4NA9133N6OvDEAR6TVVhFq5NgetYTyeKl1EMNazs=
github.com/xitongsys/parquet-go-source v0.0.0-20190524061010-2b72cbee77d5/go.mod h1:xxCx7Wpym/3QCo6JhujJX51dzSXrwmb0oH6FQb39SEA=
