github.com/apache/thrift v0.0.0-20181112125854-24918abba929 h1:ubPe2yRkS6A/X37s0TVGfuN42NV2h0BlzWj0X76RoUw=
github.com/apache/thrift v0.0.0-20181112125854-24918abba929/go.mod h1:cp2SuWMxlEZw2r+iP2GNCdIi4C1qmUzdZFSVb+bacwQ=
github.com/golang/snappy v0.0.1 h1:Qgr9rKW7uDUkrbSmQeiDsGa8SjGyCOGtuasMWwvp2P4=
github.com/golang/snappy v0.0.1/go.mod h1:/XxbfmMg8lxefKM7IXC3fBNl/7bRcc72aCRzEWrmP2Q=
github.com/klauspost/compress v1.10.5 h1:7q6vHIqubShURwQz8cQK6yIe/xC3IF0Vm7TGfqjewrc=
github.com/klauspost/compress v1.10.5/go.mod h1:aoV0uJVorq1K+umq18yTdKaF57EivdYsUV+/s2qKfXs=
github.com/xitongsys/parquet-go-source v0.0.0-20190524061010-2b72cbee77d5 h1:XmN4NA9133N6OvDEAR6TVVhFq5NgetYTyeKl1EMNazs=
github.com/xitongsys/parquet-go-source v0.0.0-20190524061010-2b72cbee77d5/go.mod h1:xxCx7Wpym/3QCo6JhujJX51dzSXrwmb0oH6FQb39SEA=
