# This file is autogenerated, do not edit; changes may be undone by the next 'dep ensure'.


[[projects]]
  digest = "1:e95de5c830369d6592224de57a31cd87a2ba1cec2abaf050d06a63ee8f7babd8"
  name = "github.com/apache/thrift"
  packages = ["lib/go/thrift"]
  pruneopts = "UT"
  revision = "24918abba929282"
  source = "github.com/apache/thrift"

[[projects]]
  branch = "master"
  digest = "1:4a0c6bb4805508a6287675fac876be2ac1182539ca8a32468d8128882e9d5009"
  name = "github.com/golang/snappy"
  packages = ["."]
  pruneopts = "UT"
  revision = "2e65f85255dbc3072edf28d6b5b8efc472979f5a"

[[projects]]
  branch = "master"
  digest = "1:5a652617d8b57d72ac3582c45a2d0c2530c35962e4b200f8d27dd2979b98d1fc"
  name = "github.com/xitongsys/parquet-go-source"
  packages = ["local"]
  pruneopts = "UT"
  revision = "2b72cbee77d5b8902db83e2d9b2e9f35ae751844"

[solve-meta]
  analyzer-name = "dep"
  analyzer-version = 1
  input-imports = [
    "github.com/apache/thrift/lib/go/thrift",
    "github.com/golang/snappy",
    "github.com/xitongsys/parquet-go-source/local",
  ]
  solver-name = "gps-cdcl"
  solver-version = 1
